
Microsoft Visual Studio Solution File, Format Version 12.00
# Visual Studio 15
VisualStudioVersion = 15.0.28010.2048
MinimumVisualStudioVersion = 10.0.40219.1
Project("{FAE04EC0-301F-11D3-BF4B-00C04F79EFBC}") = "Goiztiri", "Goiztiri\Goiztiri.csproj", "{133E6B14-1E26-4819-A312-0A50D4D51055}"
EndProject
Global
	GlobalSection(SolutionConfigurationPlatforms) = preSolution
		Debug|Any CPU = Debug|Any CPU
		Release|Any CPU = Release|Any CPU
	EndGlobalSection
	GlobalSection(ProjectConfigurationPlatforms) = postSolution
		{133E6B14-1E26-4819-A312-0A50D4D51055}.Debug|Any CPU.ActiveCfg = Debug|Any CPU
		{133E6B14-1E26-4819-A312-0A50D4D51055}.Debug|Any CPU.Build.0 = Debug|Any CPU
		{133E6B14-1E26-4819-A312-0A50D4D51055}.Release|Any CPU.ActiveCfg = Release|Any CPU
		{133E6B14-1E26-4819-A312-0A50D4D51055}.Release|Any CPU.Build.0 = Release|Any CPU
	EndGlobalSection
	GlobalSection(SolutionProperties) = preSolution
		HideSolutionNode = FALSE
	EndGlobalSection
	GlobalSection(ExtensibilityGlobals) = postSolution
		SolutionGuid = {DCEEC821-FD60-4CE1-9BDF-0BFA1F1326E4}
	EndGlobalSection
EndGlobal
